
Microsoft Visual Studio Solution File, Format Version 12.00
# Visual Studio Version 17
VisualStudioVersion = 17.1.32210.238
MinimumVisualStudioVersion = 10.0.40219.1
Project("{FAE04EC0-301F-11D3-BF4B-00C04F79EFBC}") = "Unicesumar.Main", "Unicesumar\Unicesumar.Main.csproj", "{353797DF-FBBD-471B-9AE6-627AA68C8F0B}"
EndProject
Project("{FAE04EC0-301F-11D3-BF4B-00C04F79EFBC}") = "Unicesumar.Exercicios", "Exercicios\Unicesumar.Exercicios.csproj", "{AC6B2DFF-C8FA-4A0C-94F9-B53C54122AF7}"
EndProject
Global
	GlobalSection(SolutionConfigurationPlatforms) = preSolution
		Debug|Any CPU = Debug|Any CPU
		Release|Any CPU = Release|Any CPU
	EndGlobalSection
	GlobalSection(ProjectConfigurationPlatforms) = postSolution
		{353797DF-FBBD-471B-9AE6-627AA68C8F0B}.Debug|Any CPU.ActiveCfg = Debug|Any CPU
		{353797DF-FBBD-471B-9AE6-627AA68C8F0B}.Debug|Any CPU.Build.0 = Debug|Any CPU
		{353797DF-FBBD-471B-9AE6-627AA68C8F0B}.Release|Any CPU.ActiveCfg = Release|Any CPU
		{353797DF-FBBD-471B-9AE6-627AA68C8F0B}.Release|Any CPU.Build.0 = Release|Any CPU
		{AC6B2DFF-C8FA-4A0C-94F9-B53C54122AF7}.Debug|Any CPU.ActiveCfg = Debug|Any CPU
		{AC6B2DFF-C8FA-4A0C-94F9-B53C54122AF7}.Debug|Any CPU.Build.0 = Debug|Any CPU
		{AC6B2DFF-C8FA-4A0C-94F9-B53C54122AF7}.Release|Any CPU.ActiveCfg = Release|Any CPU
		{AC6B2DFF-C8FA-4A0C-94F9-B53C54122AF7}.Release|Any CPU.Build.0 = Release|Any CPU
	EndGlobalSection
	GlobalSection(SolutionProperties) = preSolution
		HideSolutionNode = FALSE
	EndGlobalSection
	GlobalSection(ExtensibilityGlobals) = postSolution
		SolutionGuid = {392404A4-D9AF-467C-AF06-B6717B04EA1D}
	EndGlobalSection
EndGlobal
